// !$*UTF8*$!
{
	archiveVersion = 1;
	classes = {
	};
	objectVersion = 48;
	objects = {

/* Begin PBXBuildFile section */
		2653414EB0ECF6FF1EE02BF9 /* Pods_CaronaTests.framework in Frameworks */ = {isa = PBXBuildFile; fileRef = 88F5738563358F098408BB47 /* Pods_CaronaTests.framework */; };
		3D6C3AF2A4439C9A90C38385 /* Pods_Carona.framework in Frameworks */ = {isa = PBXBuildFile; fileRef = EA8CEEBB215C1FD247DC960A /* Pods_Carona.framework */; };
		435F9D7A1FDAB9AA00100135 /* SnapshotHelper.swift in Sources */ = {isa = PBXBuildFile; fileRef = 435F9D791FDAB9AA00100135 /* SnapshotHelper.swift */; };
		435F9D7C1FDABAA500100135 /* Snapfile in Resources */ = {isa = PBXBuildFile; fileRef = 435F9D7B1FDABAA400100135 /* Snapfile */; };
		43B6C05C1FD80A9F0019658D /* Gemfile.lock in Resources */ = {isa = PBXBuildFile; fileRef = 43B6C05A1FD80A9F0019658D /* Gemfile.lock */; };
		43B6C05D1FD80A9F0019658D /* Gemfile in Resources */ = {isa = PBXBuildFile; fileRef = 43B6C05B1FD80A9F0019658D /* Gemfile */; };
		4B0766B151DEED067A3A01E3 /* Pods_CaronaUITests.framework in Frameworks */ = {isa = PBXBuildFile; fileRef = 68DD1BC63E7C8CDC080342D0 /* Pods_CaronaUITests.framework */; };
		865159CE201A0A5C005E0663 /* EmptyViewController.swift in Sources */ = {isa = PBXBuildFile; fileRef = 865159CD201A0A5C005E0663 /* EmptyViewController.swift */; };
		865159D0201A0E87005E0663 /* AppDelegateTests.swift in Sources */ = {isa = PBXBuildFile; fileRef = 865159CF201A0E87005E0663 /* AppDelegateTests.swift */; };
		86FFA25D201A05AD00B820BA /* MainRouter.swift in Sources */ = {isa = PBXBuildFile; fileRef = 86FFA25C201A05AD00B820BA /* MainRouter.swift */; };
		FC49C0641FD7266500C71442 /* README.md in Resources */ = {isa = PBXBuildFile; fileRef = FC49C05F1FD7266500C71442 /* README.md */; };
		FC49C0651FD7266500C71442 /* Appfile in Resources */ = {isa = PBXBuildFile; fileRef = FC49C0611FD7266500C71442 /* Appfile */; };
		FC49C0661FD7266500C71442 /* Fastfile in Resources */ = {isa = PBXBuildFile; fileRef = FC49C0621FD7266500C71442 /* Fastfile */; };
		FC49C0671FD7266500C71442 /* .gitignore in Resources */ = {isa = PBXBuildFile; fileRef = FC49C0631FD7266500C71442 /* .gitignore */; };
		FC4E3BCB1FD721FD00CA32F0 /* AppDelegate.swift in Sources */ = {isa = PBXBuildFile; fileRef = FC4E3BCA1FD721FD00CA32F0 /* AppDelegate.swift */; };
		FC4E3BD01FD721FD00CA32F0 /* Main.storyboard in Resources */ = {isa = PBXBuildFile; fileRef = FC4E3BCE1FD721FD00CA32F0 /* Main.storyboard */; };
		FC4E3BD21FD721FD00CA32F0 /* Assets.xcassets in Resources */ = {isa = PBXBuildFile; fileRef = FC4E3BD11FD721FD00CA32F0 /* Assets.xcassets */; };
		FC4E3BD51FD721FD00CA32F0 /* LaunchScreen.storyboard in Resources */ = {isa = PBXBuildFile; fileRef = FC4E3BD31FD721FD00CA32F0 /* LaunchScreen.storyboard */; };
		FC4E3BE01FD721FD00CA32F0 /* CaronaTests.swift in Sources */ = {isa = PBXBuildFile; fileRef = FC4E3BDF1FD721FD00CA32F0 /* CaronaTests.swift */; };
		FC4E3BEB1FD721FD00CA32F0 /* CaronaUITests.swift in Sources */ = {isa = PBXBuildFile; fileRef = FC4E3BEA1FD721FD00CA32F0 /* CaronaUITests.swift */; };
		FC4E3BFA1FD7241200CA32F0 /* Configuration.plist in Resources */ = {isa = PBXBuildFile; fileRef = FC4E3BF91FD7241200CA32F0 /* Configuration.plist */; };
		FCCAF3F61FDC0A8F004DFA4B /* copyright.txt in Resources */ = {isa = PBXBuildFile; fileRef = FCCAF3D31FDC0A8F004DFA4B /* copyright.txt */; };
		FCCAF3F71FDC0A8F004DFA4B /* address_line1.txt in Resources */ = {isa = PBXBuildFile; fileRef = FCCAF3D51FDC0A8F004DFA4B /* address_line1.txt */; };
		FCCAF3F81FDC0A8F004DFA4B /* country.txt in Resources */ = {isa = PBXBuildFile; fileRef = FCCAF3D61FDC0A8F004DFA4B /* country.txt */; };
		FCCAF3F91FDC0A8F004DFA4B /* city_name.txt in Resources */ = {isa = PBXBuildFile; fileRef = FCCAF3D71FDC0A8F004DFA4B /* city_name.txt */; };
		FCCAF3FA1FDC0A8F004DFA4B /* address_line2.txt in Resources */ = {isa = PBXBuildFile; fileRef = FCCAF3D81FDC0A8F004DFA4B /* address_line2.txt */; };
		FCCAF3FB1FDC0A8F004DFA4B /* trade_name.txt in Resources */ = {isa = PBXBuildFile; fileRef = FCCAF3D91FDC0A8F004DFA4B /* trade_name.txt */; };
		FCCAF3FC1FDC0A8F004DFA4B /* is_displayed_on_app_store.txt in Resources */ = {isa = PBXBuildFile; fileRef = FCCAF3DA1FDC0A8F004DFA4B /* is_displayed_on_app_store.txt */; };
		FCCAF3FD1FDC0A8F004DFA4B /* postal_code.txt in Resources */ = {isa = PBXBuildFile; fileRef = FCCAF3DB1FDC0A8F004DFA4B /* postal_code.txt */; };
		FCCAF3FE1FDC0A8F004DFA4B /* state.txt in Resources */ = {isa = PBXBuildFile; fileRef = FCCAF3DC1FDC0A8F004DFA4B /* state.txt */; };
		FCCAF3FF1FDC0A8F004DFA4B /* secondary_first_sub_category.txt in Resources */ = {isa = PBXBuildFile; fileRef = FCCAF3DD1FDC0A8F004DFA4B /* secondary_first_sub_category.txt */; };
		FCCAF4001FDC0A8F004DFA4B /* secondary_category.txt in Resources */ = {isa = PBXBuildFile; fileRef = FCCAF3DE1FDC0A8F004DFA4B /* secondary_category.txt */; };
		FCCAF4011FDC0A8F004DFA4B /* secondary_second_sub_category.txt in Resources */ = {isa = PBXBuildFile; fileRef = FCCAF3DF1FDC0A8F004DFA4B /* secondary_second_sub_category.txt */; };
		FCCAF4021FDC0A8F004DFA4B /* privacy_url.txt in Resources */ = {isa = PBXBuildFile; fileRef = FCCAF3E11FDC0A8F004DFA4B /* privacy_url.txt */; };
		FCCAF4031FDC0A8F004DFA4B /* subtitle.txt in Resources */ = {isa = PBXBuildFile; fileRef = FCCAF3E21FDC0A8F004DFA4B /* subtitle.txt */; };
		FCCAF4041FDC0A8F004DFA4B /* support_url.txt in Resources */ = {isa = PBXBuildFile; fileRef = FCCAF3E31FDC0A8F004DFA4B /* support_url.txt */; };
		FCCAF4051FDC0A8F004DFA4B /* keywords.txt in Resources */ = {isa = PBXBuildFile; fileRef = FCCAF3E41FDC0A8F004DFA4B /* keywords.txt */; };
		FCCAF4061FDC0A8F004DFA4B /* promotional_text.txt in Resources */ = {isa = PBXBuildFile; fileRef = FCCAF3E51FDC0A8F004DFA4B /* promotional_text.txt */; };
		FCCAF4071FDC0A8F004DFA4B /* release_notes.txt in Resources */ = {isa = PBXBuildFile; fileRef = FCCAF3E61FDC0A8F004DFA4B /* release_notes.txt */; };
		FCCAF4081FDC0A8F004DFA4B /* name.txt in Resources */ = {isa = PBXBuildFile; fileRef = FCCAF3E71FDC0A8F004DFA4B /* name.txt */; };
		FCCAF4091FDC0A8F004DFA4B /* marketing_url.txt in Resources */ = {isa = PBXBuildFile; fileRef = FCCAF3E81FDC0A8F004DFA4B /* marketing_url.txt */; };
		FCCAF40A1FDC0A8F004DFA4B /* description.txt in Resources */ = {isa = PBXBuildFile; fileRef = FCCAF3E91FDC0A8F004DFA4B /* description.txt */; };
		FCCAF40B1FDC0A8F004DFA4B /* primary_second_sub_category.txt in Resources */ = {isa = PBXBuildFile; fileRef = FCCAF3EA1FDC0A8F004DFA4B /* primary_second_sub_category.txt */; };
		FCCAF40C1FDC0A8F004DFA4B /* phone_number.txt in Resources */ = {isa = PBXBuildFile; fileRef = FCCAF3EC1FDC0A8F004DFA4B /* phone_number.txt */; };
		FCCAF40D1FDC0A8F004DFA4B /* demo_user.txt in Resources */ = {isa = PBXBuildFile; fileRef = FCCAF3ED1FDC0A8F004DFA4B /* demo_user.txt */; };
		FCCAF40E1FDC0A8F004DFA4B /* notes.txt in Resources */ = {isa = PBXBuildFile; fileRef = FCCAF3EE1FDC0A8F004DFA4B /* notes.txt */; };
		FCCAF40F1FDC0A8F004DFA4B /* email_address.txt in Resources */ = {isa = PBXBuildFile; fileRef = FCCAF3EF1FDC0A8F004DFA4B /* email_address.txt */; };
		FCCAF4101FDC0A8F004DFA4B /* last_name.txt in Resources */ = {isa = PBXBuildFile; fileRef = FCCAF3F01FDC0A8F004DFA4B /* last_name.txt */; };
		FCCAF4111FDC0A8F004DFA4B /* first_name.txt in Resources */ = {isa = PBXBuildFile; fileRef = FCCAF3F11FDC0A8F004DFA4B /* first_name.txt */; };
		FCCAF4121FDC0A8F004DFA4B /* demo_password.txt in Resources */ = {isa = PBXBuildFile; fileRef = FCCAF3F21FDC0A8F004DFA4B /* demo_password.txt */; };
		FCCAF4131FDC0A8F004DFA4B /* primary_first_sub_category.txt in Resources */ = {isa = PBXBuildFile; fileRef = FCCAF3F31FDC0A8F004DFA4B /* primary_first_sub_category.txt */; };
		FCCAF4141FDC0A8F004DFA4B /* primary_category.txt in Resources */ = {isa = PBXBuildFile; fileRef = FCCAF3F41FDC0A8F004DFA4B /* primary_category.txt */; };
		FCCAF4151FDC0A8F004DFA4B /* Deliverfile in Resources */ = {isa = PBXBuildFile; fileRef = FCCAF3F51FDC0A8F004DFA4B /* Deliverfile */; };
/* End PBXBuildFile section */

/* Begin PBXContainerItemProxy section */
		FC4E3BDC1FD721FD00CA32F0 /* PBXContainerItemProxy */ = {
			isa = PBXContainerItemProxy;
			containerPortal = FC4E3BBF1FD721FD00CA32F0 /* Project object */;
			proxyType = 1;
			remoteGlobalIDString = FC4E3BC61FD721FD00CA32F0;
			remoteInfo = Carona;
		};
		FC4E3BE71FD721FD00CA32F0 /* PBXContainerItemProxy */ = {
			isa = PBXContainerItemProxy;
			containerPortal = FC4E3BBF1FD721FD00CA32F0 /* Project object */;
			proxyType = 1;
			remoteGlobalIDString = FC4E3BC61FD721FD00CA32F0;
			remoteInfo = Carona;
		};
/* End PBXContainerItemProxy section */

/* Begin PBXFileReference section */
		0727EB3B8C14BE16117E03FC /* Pods-CaronaUITests.release.xcconfig */ = {isa = PBXFileReference; includeInIndex = 1; lastKnownFileType = text.xcconfig; name = "Pods-CaronaUITests.release.xcconfig"; path = "Pods/Target Support Files/Pods-CaronaUITests/Pods-CaronaUITests.release.xcconfig"; sourceTree = "<group>"; };
		1A17D18D1EBCDCC5B0BB436E /* Pods-CaronaTests.release.xcconfig */ = {isa = PBXFileReference; includeInIndex = 1; lastKnownFileType = text.xcconfig; name = "Pods-CaronaTests.release.xcconfig"; path = "Pods/Target Support Files/Pods-CaronaTests/Pods-CaronaTests.release.xcconfig"; sourceTree = "<group>"; };
		435F9D791FDAB9AA00100135 /* SnapshotHelper.swift */ = {isa = PBXFileReference; fileEncoding = 4; lastKnownFileType = sourcecode.swift; name = SnapshotHelper.swift; path = fastlane/SnapshotHelper.swift; sourceTree = SOURCE_ROOT; };
		435F9D7B1FDABAA400100135 /* Snapfile */ = {isa = PBXFileReference; fileEncoding = 4; lastKnownFileType = text; path = Snapfile; sourceTree = "<group>"; };
		43B6C05A1FD80A9F0019658D /* Gemfile.lock */ = {isa = PBXFileReference; fileEncoding = 4; lastKnownFileType = text; path = Gemfile.lock; sourceTree = "<group>"; };
		43B6C05B1FD80A9F0019658D /* Gemfile */ = {isa = PBXFileReference; fileEncoding = 4; lastKnownFileType = text; path = Gemfile; sourceTree = "<group>"; };
		6664C82C89582265C40A5140 /* Pods-Carona.debug.xcconfig */ = {isa = PBXFileReference; includeInIndex = 1; lastKnownFileType = text.xcconfig; name = "Pods-Carona.debug.xcconfig"; path = "Pods/Target Support Files/Pods-Carona/Pods-Carona.debug.xcconfig"; sourceTree = "<group>"; };
		68DD1BC63E7C8CDC080342D0 /* Pods_CaronaUITests.framework */ = {isa = PBXFileReference; explicitFileType = wrapper.framework; includeInIndex = 0; path = Pods_CaronaUITests.framework; sourceTree = BUILT_PRODUCTS_DIR; };
		865159CD201A0A5C005E0663 /* EmptyViewController.swift */ = {isa = PBXFileReference; lastKnownFileType = sourcecode.swift; path = EmptyViewController.swift; sourceTree = "<group>"; };
		865159CF201A0E87005E0663 /* AppDelegateTests.swift */ = {isa = PBXFileReference; lastKnownFileType = sourcecode.swift; path = AppDelegateTests.swift; sourceTree = "<group>"; };
		86FFA25C201A05AD00B820BA /* MainRouter.swift */ = {isa = PBXFileReference; lastKnownFileType = sourcecode.swift; path = MainRouter.swift; sourceTree = "<group>"; };
		88F5738563358F098408BB47 /* Pods_CaronaTests.framework */ = {isa = PBXFileReference; explicitFileType = wrapper.framework; includeInIndex = 0; path = Pods_CaronaTests.framework; sourceTree = BUILT_PRODUCTS_DIR; };
		9AC272475C6D9B44A7825071 /* Pods-CaronaUITests.debug.xcconfig */ = {isa = PBXFileReference; includeInIndex = 1; lastKnownFileType = text.xcconfig; name = "Pods-CaronaUITests.debug.xcconfig"; path = "Pods/Target Support Files/Pods-CaronaUITests/Pods-CaronaUITests.debug.xcconfig"; sourceTree = "<group>"; };
		AD598F00A9B622C43F8F38DA /* Pods-CaronaTests.debug.xcconfig */ = {isa = PBXFileReference; includeInIndex = 1; lastKnownFileType = text.xcconfig; name = "Pods-CaronaTests.debug.xcconfig"; path = "Pods/Target Support Files/Pods-CaronaTests/Pods-CaronaTests.debug.xcconfig"; sourceTree = "<group>"; };
		EA8CEEBB215C1FD247DC960A /* Pods_Carona.framework */ = {isa = PBXFileReference; explicitFileType = wrapper.framework; includeInIndex = 0; path = Pods_Carona.framework; sourceTree = BUILT_PRODUCTS_DIR; };
		EF993EDA1C428BB71CB6CA77 /* Pods-Carona.release.xcconfig */ = {isa = PBXFileReference; includeInIndex = 1; lastKnownFileType = text.xcconfig; name = "Pods-Carona.release.xcconfig"; path = "Pods/Target Support Files/Pods-Carona/Pods-Carona.release.xcconfig"; sourceTree = "<group>"; };
		FC49C05F1FD7266500C71442 /* README.md */ = {isa = PBXFileReference; fileEncoding = 4; lastKnownFileType = net.daringfireball.markdown; path = README.md; sourceTree = "<group>"; };
		FC49C0611FD7266500C71442 /* Appfile */ = {isa = PBXFileReference; fileEncoding = 4; lastKnownFileType = text; path = Appfile; sourceTree = "<group>"; };
		FC49C0621FD7266500C71442 /* Fastfile */ = {isa = PBXFileReference; explicitFileType = text.script.ruby; fileEncoding = 4; path = Fastfile; sourceTree = "<group>"; };
		FC49C0631FD7266500C71442 /* .gitignore */ = {isa = PBXFileReference; fileEncoding = 4; lastKnownFileType = text; path = .gitignore; sourceTree = "<group>"; };
		FC4E3BC71FD721FD00CA32F0 /* Carona.app */ = {isa = PBXFileReference; explicitFileType = wrapper.application; includeInIndex = 0; path = Carona.app; sourceTree = BUILT_PRODUCTS_DIR; };
		FC4E3BCA1FD721FD00CA32F0 /* AppDelegate.swift */ = {isa = PBXFileReference; lastKnownFileType = sourcecode.swift; path = AppDelegate.swift; sourceTree = "<group>"; };
		FC4E3BCF1FD721FD00CA32F0 /* Base */ = {isa = PBXFileReference; lastKnownFileType = file.storyboard; name = Base; path = Base.lproj/Main.storyboard; sourceTree = "<group>"; };
		FC4E3BD11FD721FD00CA32F0 /* Assets.xcassets */ = {isa = PBXFileReference; lastKnownFileType = folder.assetcatalog; path = Assets.xcassets; sourceTree = "<group>"; };
		FC4E3BD41FD721FD00CA32F0 /* Base */ = {isa = PBXFileReference; lastKnownFileType = file.storyboard; name = Base; path = Base.lproj/LaunchScreen.storyboard; sourceTree = "<group>"; };
		FC4E3BD61FD721FD00CA32F0 /* Info.plist */ = {isa = PBXFileReference; lastKnownFileType = text.plist.xml; path = Info.plist; sourceTree = "<group>"; };
		FC4E3BDB1FD721FD00CA32F0 /* CaronaTests.xctest */ = {isa = PBXFileReference; explicitFileType = wrapper.cfbundle; includeInIndex = 0; path = CaronaTests.xctest; sourceTree = BUILT_PRODUCTS_DIR; };
		FC4E3BDF1FD721FD00CA32F0 /* CaronaTests.swift */ = {isa = PBXFileReference; lastKnownFileType = sourcecode.swift; path = CaronaTests.swift; sourceTree = "<group>"; };
		FC4E3BE11FD721FD00CA32F0 /* Info.plist */ = {isa = PBXFileReference; lastKnownFileType = text.plist.xml; path = Info.plist; sourceTree = "<group>"; };
		FC4E3BE61FD721FD00CA32F0 /* CaronaUITests.xctest */ = {isa = PBXFileReference; explicitFileType = wrapper.cfbundle; includeInIndex = 0; path = CaronaUITests.xctest; sourceTree = BUILT_PRODUCTS_DIR; };
		FC4E3BEA1FD721FD00CA32F0 /* CaronaUITests.swift */ = {isa = PBXFileReference; lastKnownFileType = sourcecode.swift; path = CaronaUITests.swift; sourceTree = "<group>"; };
		FC4E3BEC1FD721FD00CA32F0 /* Info.plist */ = {isa = PBXFileReference; lastKnownFileType = text.plist.xml; path = Info.plist; sourceTree = "<group>"; };
		FC4E3BF91FD7241200CA32F0 /* Configuration.plist */ = {isa = PBXFileReference; lastKnownFileType = text.plist.xml; path = Configuration.plist; sourceTree = "<group>"; };
		FCCAF3D31FDC0A8F004DFA4B /* copyright.txt */ = {isa = PBXFileReference; fileEncoding = 4; lastKnownFileType = text; path = copyright.txt; sourceTree = "<group>"; };
		FCCAF3D51FDC0A8F004DFA4B /* address_line1.txt */ = {isa = PBXFileReference; fileEncoding = 4; lastKnownFileType = text; path = address_line1.txt; sourceTree = "<group>"; };
		FCCAF3D61FDC0A8F004DFA4B /* country.txt */ = {isa = PBXFileReference; fileEncoding = 4; lastKnownFileType = text; path = country.txt; sourceTree = "<group>"; };
		FCCAF3D71FDC0A8F004DFA4B /* city_name.txt */ = {isa = PBXFileReference; fileEncoding = 4; lastKnownFileType = text; path = city_name.txt; sourceTree = "<group>"; };
		FCCAF3D81FDC0A8F004DFA4B /* address_line2.txt */ = {isa = PBXFileReference; fileEncoding = 4; lastKnownFileType = text; path = address_line2.txt; sourceTree = "<group>"; };
		FCCAF3D91FDC0A8F004DFA4B /* trade_name.txt */ = {isa = PBXFileReference; fileEncoding = 4; lastKnownFileType = text; path = trade_name.txt; sourceTree = "<group>"; };
		FCCAF3DA1FDC0A8F004DFA4B /* is_displayed_on_app_store.txt */ = {isa = PBXFileReference; fileEncoding = 4; lastKnownFileType = text; path = is_displayed_on_app_store.txt; sourceTree = "<group>"; };
		FCCAF3DB1FDC0A8F004DFA4B /* postal_code.txt */ = {isa = PBXFileReference; fileEncoding = 4; lastKnownFileType = text; path = postal_code.txt; sourceTree = "<group>"; };
		FCCAF3DC1FDC0A8F004DFA4B /* state.txt */ = {isa = PBXFileReference; fileEncoding = 4; lastKnownFileType = text; path = state.txt; sourceTree = "<group>"; };
		FCCAF3DD1FDC0A8F004DFA4B /* secondary_first_sub_category.txt */ = {isa = PBXFileReference; fileEncoding = 4; lastKnownFileType = text; path = secondary_first_sub_category.txt; sourceTree = "<group>"; };
		FCCAF3DE1FDC0A8F004DFA4B /* secondary_category.txt */ = {isa = PBXFileReference; fileEncoding = 4; lastKnownFileType = text; path = secondary_category.txt; sourceTree = "<group>"; };
		FCCAF3DF1FDC0A8F004DFA4B /* secondary_second_sub_category.txt */ = {isa = PBXFileReference; fileEncoding = 4; lastKnownFileType = text; path = secondary_second_sub_category.txt; sourceTree = "<group>"; };
		FCCAF3E11FDC0A8F004DFA4B /* privacy_url.txt */ = {isa = PBXFileReference; fileEncoding = 4; lastKnownFileType = text; path = privacy_url.txt; sourceTree = "<group>"; };
		FCCAF3E21FDC0A8F004DFA4B /* subtitle.txt */ = {isa = PBXFileReference; fileEncoding = 4; lastKnownFileType = text; path = subtitle.txt; sourceTree = "<group>"; };
		FCCAF3E31FDC0A8F004DFA4B /* support_url.txt */ = {isa = PBXFileReference; fileEncoding = 4; lastKnownFileType = text; path = support_url.txt; sourceTree = "<group>"; };
		FCCAF3E41FDC0A8F004DFA4B /* keywords.txt */ = {isa = PBXFileReference; fileEncoding = 4; lastKnownFileType = text; path = keywords.txt; sourceTree = "<group>"; };
		FCCAF3E51FDC0A8F004DFA4B /* promotional_text.txt */ = {isa = PBXFileReference; fileEncoding = 4; lastKnownFileType = text; path = promotional_text.txt; sourceTree = "<group>"; };
		FCCAF3E61FDC0A8F004DFA4B /* release_notes.txt */ = {isa = PBXFileReference; fileEncoding = 4; lastKnownFileType = text; path = release_notes.txt; sourceTree = "<group>"; };
		FCCAF3E71FDC0A8F004DFA4B /* name.txt */ = {isa = PBXFileReference; fileEncoding = 4; lastKnownFileType = text; path = name.txt; sourceTree = "<group>"; };
		FCCAF3E81FDC0A8F004DFA4B /* marketing_url.txt */ = {isa = PBXFileReference; fileEncoding = 4; lastKnownFileType = text; path = marketing_url.txt; sourceTree = "<group>"; };
		FCCAF3E91FDC0A8F004DFA4B /* description.txt */ = {isa = PBXFileReference; fileEncoding = 4; lastKnownFileType = text; path = description.txt; sourceTree = "<group>"; };
		FCCAF3EA1FDC0A8F004DFA4B /* primary_second_sub_category.txt */ = {isa = PBXFileReference; fileEncoding = 4; lastKnownFileType = text; path = primary_second_sub_category.txt; sourceTree = "<group>"; };
		FCCAF3EC1FDC0A8F004DFA4B /* phone_number.txt */ = {isa = PBXFileReference; fileEncoding = 4; lastKnownFileType = text; path = phone_number.txt; sourceTree = "<group>"; };
		FCCAF3ED1FDC0A8F004DFA4B /* demo_user.txt */ = {isa = PBXFileReference; fileEncoding = 4; lastKnownFileType = text; path = demo_user.txt; sourceTree = "<group>"; };
		FCCAF3EE1FDC0A8F004DFA4B /* notes.txt */ = {isa = PBXFileReference; fileEncoding = 4; lastKnownFileType = text; path = notes.txt; sourceTree = "<group>"; };
		FCCAF3EF1FDC0A8F004DFA4B /* email_address.txt */ = {isa = PBXFileReference; fileEncoding = 4; lastKnownFileType = text; path = email_address.txt; sourceTree = "<group>"; };
		FCCAF3F01FDC0A8F004DFA4B /* last_name.txt */ = {isa = PBXFileReference; fileEncoding = 4; lastKnownFileType = text; path = last_name.txt; sourceTree = "<group>"; };
		FCCAF3F11FDC0A8F004DFA4B /* first_name.txt */ = {isa = PBXFileReference; fileEncoding = 4; lastKnownFileType = text; path = first_name.txt; sourceTree = "<group>"; };
		FCCAF3F21FDC0A8F004DFA4B /* demo_password.txt */ = {isa = PBXFileReference; fileEncoding = 4; lastKnownFileType = text; path = demo_password.txt; sourceTree = "<group>"; };
		FCCAF3F31FDC0A8F004DFA4B /* primary_first_sub_category.txt */ = {isa = PBXFileReference; fileEncoding = 4; lastKnownFileType = text; path = primary_first_sub_category.txt; sourceTree = "<group>"; };
		FCCAF3F41FDC0A8F004DFA4B /* primary_category.txt */ = {isa = PBXFileReference; fileEncoding = 4; lastKnownFileType = text; path = primary_category.txt; sourceTree = "<group>"; };
		FCCAF3F51FDC0A8F004DFA4B /* Deliverfile */ = {isa = PBXFileReference; fileEncoding = 4; lastKnownFileType = text; path = Deliverfile; sourceTree = "<group>"; };
		FCCAF4161FDC0ACA004DFA4B /* pt-BR */ = {isa = PBXFileReference; lastKnownFileType = text.plist.strings; name = "pt-BR"; path = "pt-BR.lproj/Main.strings"; sourceTree = "<group>"; };
/* End PBXFileReference section */

/* Begin PBXFrameworksBuildPhase section */
		FC4E3BC41FD721FD00CA32F0 /* Frameworks */ = {
			isa = PBXFrameworksBuildPhase;
			buildActionMask = 2147483647;
			files = (
				3D6C3AF2A4439C9A90C38385 /* Pods_Carona.framework in Frameworks */,
			);
			runOnlyForDeploymentPostprocessing = 0;
		};
		FC4E3BD81FD721FD00CA32F0 /* Frameworks */ = {
			isa = PBXFrameworksBuildPhase;
			buildActionMask = 2147483647;
			files = (
				2653414EB0ECF6FF1EE02BF9 /* Pods_CaronaTests.framework in Frameworks */,
			);
			runOnlyForDeploymentPostprocessing = 0;
		};
		FC4E3BE31FD721FD00CA32F0 /* Frameworks */ = {
			isa = PBXFrameworksBuildPhase;
			buildActionMask = 2147483647;
			files = (
				4B0766B151DEED067A3A01E3 /* Pods_CaronaUITests.framework in Frameworks */,
			);
			runOnlyForDeploymentPostprocessing = 0;
		};
/* End PBXFrameworksBuildPhase section */

/* Begin PBXGroup section */
		324F1D2C54F1249F27D04BE8 /* Pods */ = {
			isa = PBXGroup;
			children = (
				6664C82C89582265C40A5140 /* Pods-Carona.debug.xcconfig */,
				EF993EDA1C428BB71CB6CA77 /* Pods-Carona.release.xcconfig */,
				AD598F00A9B622C43F8F38DA /* Pods-CaronaTests.debug.xcconfig */,
				1A17D18D1EBCDCC5B0BB436E /* Pods-CaronaTests.release.xcconfig */,
				9AC272475C6D9B44A7825071 /* Pods-CaronaUITests.debug.xcconfig */,
				0727EB3B8C14BE16117E03FC /* Pods-CaronaUITests.release.xcconfig */,
			);
			name = Pods;
			sourceTree = "<group>";
		};
		865159CC201A0A42005E0663 /* ViewControllers */ = {
			isa = PBXGroup;
			children = (
				865159CD201A0A5C005E0663 /* EmptyViewController.swift */,
			);
			path = ViewControllers;
			sourceTree = "<group>";
		};
		86FFA258201A038900B820BA /* ApplicationBase */ = {
			isa = PBXGroup;
			children = (
				FC4E3BCA1FD721FD00CA32F0 /* AppDelegate.swift */,
				FC4E3BD61FD721FD00CA32F0 /* Info.plist */,
			);
			name = ApplicationBase;
			sourceTree = "<group>";
		};
		86FFA259201A039E00B820BA /* Views */ = {
			isa = PBXGroup;
			children = (
				FC4E3BCE1FD721FD00CA32F0 /* Main.storyboard */,
				FC4E3BD31FD721FD00CA32F0 /* LaunchScreen.storyboard */,
			);
			name = Views;
			sourceTree = "<group>";
		};
		86FFA25B201A058300B820BA /* Routers */ = {
			isa = PBXGroup;
			children = (
				86FFA25C201A05AD00B820BA /* MainRouter.swift */,
			);
			path = Routers;
			sourceTree = "<group>";
		};
		FC49C05E1FD7264700C71442 /* Documentation */ = {
			isa = PBXGroup;
			children = (
				FC49C0601FD7266500C71442 /* fastlane */,
				FC49C05F1FD7266500C71442 /* README.md */,
				43B6C05B1FD80A9F0019658D /* Gemfile */,
				43B6C05A1FD80A9F0019658D /* Gemfile.lock */,
			);
			name = Documentation;
			sourceTree = "<group>";
		};
		FC49C0601FD7266500C71442 /* fastlane */ = {
			isa = PBXGroup;
			children = (
				FCCAF3D21FDC0A8F004DFA4B /* metadata */,
				435F9D7B1FDABAA400100135 /* Snapfile */,
				FCCAF3F51FDC0A8F004DFA4B /* Deliverfile */,
				FC49C0611FD7266500C71442 /* Appfile */,
				FC49C0621FD7266500C71442 /* Fastfile */,
				FC49C0631FD7266500C71442 /* .gitignore */,
			);
			path = fastlane;
			sourceTree = "<group>";
		};
		FC4E3BBE1FD721FD00CA32F0 = {
			isa = PBXGroup;
			children = (
				FC49C05E1FD7264700C71442 /* Documentation */,
				FC4E3BC91FD721FD00CA32F0 /* Carona */,
				FC4E3BDE1FD721FD00CA32F0 /* CaronaTests */,
				FC4E3BE91FD721FD00CA32F0 /* CaronaUITests */,
				FC4E3BC81FD721FD00CA32F0 /* Products */,
				324F1D2C54F1249F27D04BE8 /* Pods */,
				FF08538D713E3104372B2D21 /* Frameworks */,
			);
			sourceTree = "<group>";
		};
		FC4E3BC81FD721FD00CA32F0 /* Products */ = {
			isa = PBXGroup;
			children = (
				FC4E3BC71FD721FD00CA32F0 /* Carona.app */,
				FC4E3BDB1FD721FD00CA32F0 /* CaronaTests.xctest */,
				FC4E3BE61FD721FD00CA32F0 /* CaronaUITests.xctest */,
			);
			name = Products;
			sourceTree = "<group>";
		};
		FC4E3BC91FD721FD00CA32F0 /* Carona */ = {
			isa = PBXGroup;
			children = (
				865159CC201A0A42005E0663 /* ViewControllers */,
				86FFA25B201A058300B820BA /* Routers */,
				FC4E3BD11FD721FD00CA32F0 /* Assets.xcassets */,
				FC4E3BF81FD723E400CA32F0 /* Configurations */,
				86FFA259201A039E00B820BA /* Views */,
				86FFA258201A038900B820BA /* ApplicationBase */,
			);
			path = Carona;
			sourceTree = "<group>";
		};
		FC4E3BDE1FD721FD00CA32F0 /* CaronaTests */ = {
			isa = PBXGroup;
			children = (
				865159CF201A0E87005E0663 /* AppDelegateTests.swift */,
				FC4E3BDF1FD721FD00CA32F0 /* CaronaTests.swift */,
				FC4E3BE11FD721FD00CA32F0 /* Info.plist */,
			);
			path = CaronaTests;
			sourceTree = "<group>";
		};
		FC4E3BE91FD721FD00CA32F0 /* CaronaUITests */ = {
			isa = PBXGroup;
			children = (
				435F9D791FDAB9AA00100135 /* SnapshotHelper.swift */,
				FC4E3BEA1FD721FD00CA32F0 /* CaronaUITests.swift */,
				FC4E3BEC1FD721FD00CA32F0 /* Info.plist */,
			);
			path = CaronaUITests;
			sourceTree = "<group>";
		};
		FC4E3BF81FD723E400CA32F0 /* Configurations */ = {
			isa = PBXGroup;
			children = (
				FC4E3BF91FD7241200CA32F0 /* Configuration.plist */,
			);
			path = Configurations;
			sourceTree = "<group>";
		};
		FCCAF3D21FDC0A8F004DFA4B /* metadata */ = {
			isa = PBXGroup;
			children = (
				FCCAF3D41FDC0A8F004DFA4B /* trade_representative_contact_information */,
				FCCAF3E01FDC0A8F004DFA4B /* pt-BR */,
				FCCAF3EB1FDC0A8F004DFA4B /* review_information */,
				FCCAF3D31FDC0A8F004DFA4B /* copyright.txt */,
				FCCAF3DD1FDC0A8F004DFA4B /* secondary_first_sub_category.txt */,
				FCCAF3DE1FDC0A8F004DFA4B /* secondary_category.txt */,
				FCCAF3DF1FDC0A8F004DFA4B /* secondary_second_sub_category.txt */,
				FCCAF3EA1FDC0A8F004DFA4B /* primary_second_sub_category.txt */,
				FCCAF3F31FDC0A8F004DFA4B /* primary_first_sub_category.txt */,
				FCCAF3F41FDC0A8F004DFA4B /* primary_category.txt */,
			);
			path = metadata;
			sourceTree = "<group>";
		};
		FCCAF3D41FDC0A8F004DFA4B /* trade_representative_contact_information */ = {
			isa = PBXGroup;
			children = (
				FCCAF3D51FDC0A8F004DFA4B /* address_line1.txt */,
				FCCAF3D61FDC0A8F004DFA4B /* country.txt */,
				FCCAF3D71FDC0A8F004DFA4B /* city_name.txt */,
				FCCAF3D81FDC0A8F004DFA4B /* address_line2.txt */,
				FCCAF3D91FDC0A8F004DFA4B /* trade_name.txt */,
				FCCAF3DA1FDC0A8F004DFA4B /* is_displayed_on_app_store.txt */,
				FCCAF3DB1FDC0A8F004DFA4B /* postal_code.txt */,
				FCCAF3DC1FDC0A8F004DFA4B /* state.txt */,
			);
			path = trade_representative_contact_information;
			sourceTree = "<group>";
		};
		FCCAF3E01FDC0A8F004DFA4B /* pt-BR */ = {
			isa = PBXGroup;
			children = (
				FCCAF3E11FDC0A8F004DFA4B /* privacy_url.txt */,
				FCCAF3E21FDC0A8F004DFA4B /* subtitle.txt */,
				FCCAF3E31FDC0A8F004DFA4B /* support_url.txt */,
				FCCAF3E41FDC0A8F004DFA4B /* keywords.txt */,
				FCCAF3E51FDC0A8F004DFA4B /* promotional_text.txt */,
				FCCAF3E61FDC0A8F004DFA4B /* release_notes.txt */,
				FCCAF3E71FDC0A8F004DFA4B /* name.txt */,
				FCCAF3E81FDC0A8F004DFA4B /* marketing_url.txt */,
				FCCAF3E91FDC0A8F004DFA4B /* description.txt */,
			);
			path = "pt-BR";
			sourceTree = "<group>";
		};
		FCCAF3EB1FDC0A8F004DFA4B /* review_information */ = {
			isa = PBXGroup;
			children = (
				FCCAF3EC1FDC0A8F004DFA4B /* phone_number.txt */,
				FCCAF3ED1FDC0A8F004DFA4B /* demo_user.txt */,
				FCCAF3EE1FDC0A8F004DFA4B /* notes.txt */,
				FCCAF3EF1FDC0A8F004DFA4B /* email_address.txt */,
				FCCAF3F01FDC0A8F004DFA4B /* last_name.txt */,
				FCCAF3F11FDC0A8F004DFA4B /* first_name.txt */,
				FCCAF3F21FDC0A8F004DFA4B /* demo_password.txt */,
			);
			path = review_information;
			sourceTree = "<group>";
		};
		FF08538D713E3104372B2D21 /* Frameworks */ = {
			isa = PBXGroup;
			children = (
				EA8CEEBB215C1FD247DC960A /* Pods_Carona.framework */,
				88F5738563358F098408BB47 /* Pods_CaronaTests.framework */,
				68DD1BC63E7C8CDC080342D0 /* Pods_CaronaUITests.framework */,
			);
			name = Frameworks;
			sourceTree = "<group>";
		};
/* End PBXGroup section */

/* Begin PBXNativeTarget section */
		FC4E3BC61FD721FD00CA32F0 /* Carona */ = {
			isa = PBXNativeTarget;
			buildConfigurationList = FC4E3BEF1FD721FD00CA32F0 /* Build configuration list for PBXNativeTarget "Carona" */;
			buildPhases = (
				D40C014118287F0D8A45111A /* [CP] Check Pods Manifest.lock */,
				FC4E3BC31FD721FD00CA32F0 /* Sources */,
				FC4E3BC41FD721FD00CA32F0 /* Frameworks */,
				FC4E3BC51FD721FD00CA32F0 /* Resources */,
				4CB3568CEB2D9210B03FF7A0 /* [CP] Embed Pods Frameworks */,
				E0FB0BF817BE3F4FD0CC3A12 /* [CP] Copy Pods Resources */,
			);
			buildRules = (
			);
			dependencies = (
			);
			name = Carona;
			productName = Carona;
			productReference = FC4E3BC71FD721FD00CA32F0 /* Carona.app */;
			productType = "com.apple.product-type.application";
		};
		FC4E3BDA1FD721FD00CA32F0 /* CaronaTests */ = {
			isa = PBXNativeTarget;
			buildConfigurationList = FC4E3BF21FD721FD00CA32F0 /* Build configuration list for PBXNativeTarget "CaronaTests" */;
			buildPhases = (
				5E805E4EC51692B4F514F057 /* [CP] Check Pods Manifest.lock */,
				FC4E3BD71FD721FD00CA32F0 /* Sources */,
				FC4E3BD81FD721FD00CA32F0 /* Frameworks */,
				FC4E3BD91FD721FD00CA32F0 /* Resources */,
				4F442191AE4734A22399328F /* [CP] Embed Pods Frameworks */,
				C2214FECEE27D9139D2C2A00 /* [CP] Copy Pods Resources */,
			);
			buildRules = (
			);
			dependencies = (
				FC4E3BDD1FD721FD00CA32F0 /* PBXTargetDependency */,
			);
			name = CaronaTests;
			productName = CaronaTests;
			productReference = FC4E3BDB1FD721FD00CA32F0 /* CaronaTests.xctest */;
			productType = "com.apple.product-type.bundle.unit-test";
		};
		FC4E3BE51FD721FD00CA32F0 /* CaronaUITests */ = {
			isa = PBXNativeTarget;
			buildConfigurationList = FC4E3BF51FD721FD00CA32F0 /* Build configuration list for PBXNativeTarget "CaronaUITests" */;
			buildPhases = (
				5E49250016BA11D867D72E56 /* [CP] Check Pods Manifest.lock */,
				FC4E3BE21FD721FD00CA32F0 /* Sources */,
				FC4E3BE31FD721FD00CA32F0 /* Frameworks */,
				FC4E3BE41FD721FD00CA32F0 /* Resources */,
				95D16FE6EA07D64ED12BCCD4 /* [CP] Embed Pods Frameworks */,
				6921070F519EC9884EDFF09D /* [CP] Copy Pods Resources */,
			);
			buildRules = (
			);
			dependencies = (
				FC4E3BE81FD721FD00CA32F0 /* PBXTargetDependency */,
			);
			name = CaronaUITests;
			productName = CaronaUITests;
			productReference = FC4E3BE61FD721FD00CA32F0 /* CaronaUITests.xctest */;
			productType = "com.apple.product-type.bundle.ui-testing";
		};
/* End PBXNativeTarget section */

/* Begin PBXProject section */
		FC4E3BBF1FD721FD00CA32F0 /* Project object */ = {
			isa = PBXProject;
			attributes = {
				LastSwiftUpdateCheck = 0910;
				LastUpgradeCheck = 0910;
				ORGANIZATIONNAME = Carona;
				TargetAttributes = {
					FC4E3BC61FD721FD00CA32F0 = {
						CreatedOnToolsVersion = 9.1;
						ProvisioningStyle = Manual;
					};
					FC4E3BDA1FD721FD00CA32F0 = {
						CreatedOnToolsVersion = 9.1;
						ProvisioningStyle = Automatic;
						TestTargetID = FC4E3BC61FD721FD00CA32F0;
					};
					FC4E3BE51FD721FD00CA32F0 = {
						CreatedOnToolsVersion = 9.1;
						ProvisioningStyle = Automatic;
						TestTargetID = FC4E3BC61FD721FD00CA32F0;
					};
				};
			};
			buildConfigurationList = FC4E3BC21FD721FD00CA32F0 /* Build configuration list for PBXProject "Carona" */;
			compatibilityVersion = "Xcode 8.0";
			developmentRegion = en;
			hasScannedForEncodings = 0;
			knownRegions = (
				en,
				Base,
			);
			mainGroup = FC4E3BBE1FD721FD00CA32F0;
			productRefGroup = FC4E3BC81FD721FD00CA32F0 /* Products */;
			projectDirPath = "";
			projectRoot = "";
			targets = (
				FC4E3BC61FD721FD00CA32F0 /* Carona */,
				FC4E3BDA1FD721FD00CA32F0 /* CaronaTests */,
				FC4E3BE51FD721FD00CA32F0 /* CaronaUITests */,
			);
		};
/* End PBXProject section */

/* Begin PBXResourcesBuildPhase section */
		FC4E3BC51FD721FD00CA32F0 /* Resources */ = {
			isa = PBXResourcesBuildPhase;
			buildActionMask = 2147483647;
			files = (
				FCCAF4101FDC0A8F004DFA4B /* last_name.txt in Resources */,
				FCCAF4121FDC0A8F004DFA4B /* demo_password.txt in Resources */,
				FCCAF4071FDC0A8F004DFA4B /* release_notes.txt in Resources */,
				43B6C05C1FD80A9F0019658D /* Gemfile.lock in Resources */,
				FCCAF3FC1FDC0A8F004DFA4B /* is_displayed_on_app_store.txt in Resources */,
				FCCAF4131FDC0A8F004DFA4B /* primary_first_sub_category.txt in Resources */,
				FC49C0671FD7266500C71442 /* .gitignore in Resources */,
				43B6C05D1FD80A9F0019658D /* Gemfile in Resources */,
				FC49C0651FD7266500C71442 /* Appfile in Resources */,
				FC49C0661FD7266500C71442 /* Fastfile in Resources */,
				FCCAF40A1FDC0A8F004DFA4B /* description.txt in Resources */,
				FCCAF4031FDC0A8F004DFA4B /* subtitle.txt in Resources */,
				FCCAF4011FDC0A8F004DFA4B /* secondary_second_sub_category.txt in Resources */,
				FCCAF3FE1FDC0A8F004DFA4B /* state.txt in Resources */,
				FC4E3BD51FD721FD00CA32F0 /* LaunchScreen.storyboard in Resources */,
				FCCAF4081FDC0A8F004DFA4B /* name.txt in Resources */,
				FCCAF4021FDC0A8F004DFA4B /* privacy_url.txt in Resources */,
				FCCAF4141FDC0A8F004DFA4B /* primary_category.txt in Resources */,
				FCCAF4091FDC0A8F004DFA4B /* marketing_url.txt in Resources */,
				FCCAF3F81FDC0A8F004DFA4B /* country.txt in Resources */,
				FCCAF4151FDC0A8F004DFA4B /* Deliverfile in Resources */,
				FC4E3BFA1FD7241200CA32F0 /* Configuration.plist in Resources */,
				FCCAF4111FDC0A8F004DFA4B /* first_name.txt in Resources */,
				FC49C0641FD7266500C71442 /* README.md in Resources */,
				FCCAF40B1FDC0A8F004DFA4B /* primary_second_sub_category.txt in Resources */,
				FCCAF4051FDC0A8F004DFA4B /* keywords.txt in Resources */,
				FCCAF40F1FDC0A8F004DFA4B /* email_address.txt in Resources */,
				FCCAF3FD1FDC0A8F004DFA4B /* postal_code.txt in Resources */,
				FCCAF3FA1FDC0A8F004DFA4B /* address_line2.txt in Resources */,
				FCCAF40E1FDC0A8F004DFA4B /* notes.txt in Resources */,
				FC4E3BD21FD721FD00CA32F0 /* Assets.xcassets in Resources */,
				FCCAF3F91FDC0A8F004DFA4B /* city_name.txt in Resources */,
				FCCAF3FB1FDC0A8F004DFA4B /* trade_name.txt in Resources */,
				FCCAF3F71FDC0A8F004DFA4B /* address_line1.txt in Resources */,
				FCCAF4001FDC0A8F004DFA4B /* secondary_category.txt in Resources */,
				FCCAF40C1FDC0A8F004DFA4B /* phone_number.txt in Resources */,
				FCCAF4041FDC0A8F004DFA4B /* support_url.txt in Resources */,
				FC4E3BD01FD721FD00CA32F0 /* Main.storyboard in Resources */,
				FCCAF3FF1FDC0A8F004DFA4B /* secondary_first_sub_category.txt in Resources */,
				FCCAF4061FDC0A8F004DFA4B /* promotional_text.txt in Resources */,
				FCCAF40D1FDC0A8F004DFA4B /* demo_user.txt in Resources */,
				FCCAF3F61FDC0A8F004DFA4B /* copyright.txt in Resources */,
			);
			runOnlyForDeploymentPostprocessing = 0;
		};
		FC4E3BD91FD721FD00CA32F0 /* Resources */ = {
			isa = PBXResourcesBuildPhase;
			buildActionMask = 2147483647;
			files = (
			);
			runOnlyForDeploymentPostprocessing = 0;
		};
		FC4E3BE41FD721FD00CA32F0 /* Resources */ = {
			isa = PBXResourcesBuildPhase;
			buildActionMask = 2147483647;
			files = (
				435F9D7C1FDABAA500100135 /* Snapfile in Resources */,
			);
			runOnlyForDeploymentPostprocessing = 0;
		};
/* End PBXResourcesBuildPhase section */

/* Begin PBXShellScriptBuildPhase section */
		4CB3568CEB2D9210B03FF7A0 /* [CP] Embed Pods Frameworks */ = {
			isa = PBXShellScriptBuildPhase;
			buildActionMask = 2147483647;
			files = (
			);
			inputPaths = (
				"${SRCROOT}/Pods/Target Support Files/Pods-Carona/Pods-Carona-frameworks.sh",
				"${BUILT_PRODUCTS_DIR}/ConfigurationProvider/ConfigurationProvider.framework",
				"${BUILT_PRODUCTS_DIR}/NVActivityIndicatorView/NVActivityIndicatorView.framework",
				"${BUILT_PRODUCTS_DIR}/UIColor_Hex_Swift/UIColor_Hex_Swift.framework",
			);
			name = "[CP] Embed Pods Frameworks";
			outputPaths = (
				"${TARGET_BUILD_DIR}/${FRAMEWORKS_FOLDER_PATH}/ConfigurationProvider.framework",
				"${TARGET_BUILD_DIR}/${FRAMEWORKS_FOLDER_PATH}/NVActivityIndicatorView.framework",
				"${TARGET_BUILD_DIR}/${FRAMEWORKS_FOLDER_PATH}/UIColor_Hex_Swift.framework",
			);
			runOnlyForDeploymentPostprocessing = 0;
			shellPath = /bin/sh;
			shellScript = "\"${SRCROOT}/Pods/Target Support Files/Pods-Carona/Pods-Carona-frameworks.sh\"\n";
			showEnvVarsInLog = 0;
		};
		4F442191AE4734A22399328F /* [CP] Embed Pods Frameworks */ = {
			isa = PBXShellScriptBuildPhase;
			buildActionMask = 2147483647;
			files = (
			);
			inputPaths = (
			);
			name = "[CP] Embed Pods Frameworks";
			outputPaths = (
			);
			runOnlyForDeploymentPostprocessing = 0;
			shellPath = /bin/sh;
			shellScript = "\"${SRCROOT}/Pods/Target Support Files/Pods-CaronaTests/Pods-CaronaTests-frameworks.sh\"\n";
			showEnvVarsInLog = 0;
		};
		5E49250016BA11D867D72E56 /* [CP] Check Pods Manifest.lock */ = {
			isa = PBXShellScriptBuildPhase;
			buildActionMask = 2147483647;
			files = (
			);
			inputPaths = (
				"${PODS_PODFILE_DIR_PATH}/Podfile.lock",
				"${PODS_ROOT}/Manifest.lock",
			);
			name = "[CP] Check Pods Manifest.lock";
			outputPaths = (
				"$(DERIVED_FILE_DIR)/Pods-CaronaUITests-checkManifestLockResult.txt",
			);
			runOnlyForDeploymentPostprocessing = 0;
			shellPath = /bin/sh;
			shellScript = "diff \"${PODS_PODFILE_DIR_PATH}/Podfile.lock\" \"${PODS_ROOT}/Manifest.lock\" > /dev/null\nif [ $? != 0 ] ; then\n    # print error to STDERR\n    echo \"error: The sandbox is not in sync with the Podfile.lock. Run 'pod install' or update your CocoaPods installation.\" >&2\n    exit 1\nfi\n# This output is used by Xcode 'outputs' to avoid re-running this script phase.\necho \"SUCCESS\" > \"${SCRIPT_OUTPUT_FILE_0}\"\n";
			showEnvVarsInLog = 0;
		};
		5E805E4EC51692B4F514F057 /* [CP] Check Pods Manifest.lock */ = {
			isa = PBXShellScriptBuildPhase;
			buildActionMask = 2147483647;
			files = (
			);
			inputPaths = (
				"${PODS_PODFILE_DIR_PATH}/Podfile.lock",
				"${PODS_ROOT}/Manifest.lock",
			);
			name = "[CP] Check Pods Manifest.lock";
			outputPaths = (
				"$(DERIVED_FILE_DIR)/Pods-CaronaTests-checkManifestLockResult.txt",
			);
			runOnlyForDeploymentPostprocessing = 0;
			shellPath = /bin/sh;
			shellScript = "diff \"${PODS_PODFILE_DIR_PATH}/Podfile.lock\" \"${PODS_ROOT}/Manifest.lock\" > /dev/null\nif [ $? != 0 ] ; then\n    # print error to STDERR\n    echo \"error: The sandbox is not in sync with the Podfile.lock. Run 'pod install' or update your CocoaPods installation.\" >&2\n    exit 1\nfi\n# This output is used by Xcode 'outputs' to avoid re-running this script phase.\necho \"SUCCESS\" > \"${SCRIPT_OUTPUT_FILE_0}\"\n";
			showEnvVarsInLog = 0;
		};
		6921070F519EC9884EDFF09D /* [CP] Copy Pods Resources */ = {
			isa = PBXShellScriptBuildPhase;
			buildActionMask = 2147483647;
			files = (
			);
			inputPaths = (
			);
			name = "[CP] Copy Pods Resources";
			outputPaths = (
			);
			runOnlyForDeploymentPostprocessing = 0;
			shellPath = /bin/sh;
			shellScript = "\"${SRCROOT}/Pods/Target Support Files/Pods-CaronaUITests/Pods-CaronaUITests-resources.sh\"\n";
			showEnvVarsInLog = 0;
		};
		95D16FE6EA07D64ED12BCCD4 /* [CP] Embed Pods Frameworks */ = {
			isa = PBXShellScriptBuildPhase;
			buildActionMask = 2147483647;
			files = (
			);
			inputPaths = (
			);
			name = "[CP] Embed Pods Frameworks";
			outputPaths = (
			);
			runOnlyForDeploymentPostprocessing = 0;
			shellPath = /bin/sh;
			shellScript = "\"${SRCROOT}/Pods/Target Support Files/Pods-CaronaUITests/Pods-CaronaUITests-frameworks.sh\"\n";
			showEnvVarsInLog = 0;
		};
		C2214FECEE27D9139D2C2A00 /* [CP] Copy Pods Resources */ = {
			isa = PBXShellScriptBuildPhase;
			buildActionMask = 2147483647;
			files = (
			);
			inputPaths = (
			);
			name = "[CP] Copy Pods Resources";
			outputPaths = (
			);
			runOnlyForDeploymentPostprocessing = 0;
			shellPath = /bin/sh;
			shellScript = "\"${SRCROOT}/Pods/Target Support Files/Pods-CaronaTests/Pods-CaronaTests-resources.sh\"\n";
			showEnvVarsInLog = 0;
		};
		D40C014118287F0D8A45111A /* [CP] Check Pods Manifest.lock */ = {
			isa = PBXShellScriptBuildPhase;
			buildActionMask = 2147483647;
			files = (
			);
			inputPaths = (
				"${PODS_PODFILE_DIR_PATH}/Podfile.lock",
				"${PODS_ROOT}/Manifest.lock",
			);
			name = "[CP] Check Pods Manifest.lock";
			outputPaths = (
				"$(DERIVED_FILE_DIR)/Pods-Carona-checkManifestLockResult.txt",
			);
			runOnlyForDeploymentPostprocessing = 0;
			shellPath = /bin/sh;
			shellScript = "diff \"${PODS_PODFILE_DIR_PATH}/Podfile.lock\" \"${PODS_ROOT}/Manifest.lock\" > /dev/null\nif [ $? != 0 ] ; then\n    # print error to STDERR\n    echo \"error: The sandbox is not in sync with the Podfile.lock. Run 'pod install' or update your CocoaPods installation.\" >&2\n    exit 1\nfi\n# This output is used by Xcode 'outputs' to avoid re-running this script phase.\necho \"SUCCESS\" > \"${SCRIPT_OUTPUT_FILE_0}\"\n";
			showEnvVarsInLog = 0;
		};
		E0FB0BF817BE3F4FD0CC3A12 /* [CP] Copy Pods Resources */ = {
			isa = PBXShellScriptBuildPhase;
			buildActionMask = 2147483647;
			files = (
			);
			inputPaths = (
			);
			name = "[CP] Copy Pods Resources";
			outputPaths = (
			);
			runOnlyForDeploymentPostprocessing = 0;
			shellPath = /bin/sh;
			shellScript = "\"${SRCROOT}/Pods/Target Support Files/Pods-Carona/Pods-Carona-resources.sh\"\n";
			showEnvVarsInLog = 0;
		};
/* End PBXShellScriptBuildPhase section */

/* Begin PBXSourcesBuildPhase section */
		FC4E3BC31FD721FD00CA32F0 /* Sources */ = {
			isa = PBXSourcesBuildPhase;
			buildActionMask = 2147483647;
			files = (
				865159CE201A0A5C005E0663 /* EmptyViewController.swift in Sources */,
				FC4E3BCB1FD721FD00CA32F0 /* AppDelegate.swift in Sources */,
				86FFA25D201A05AD00B820BA /* MainRouter.swift in Sources */,
			);
			runOnlyForDeploymentPostprocessing = 0;
		};
		FC4E3BD71FD721FD00CA32F0 /* Sources */ = {
			isa = PBXSourcesBuildPhase;
			buildActionMask = 2147483647;
			files = (
				865159D0201A0E87005E0663 /* AppDelegateTests.swift in Sources */,
				FC4E3BE01FD721FD00CA32F0 /* CaronaTests.swift in Sources */,
			);
			runOnlyForDeploymentPostprocessing = 0;
		};
		FC4E3BE21FD721FD00CA32F0 /* Sources */ = {
			isa = PBXSourcesBuildPhase;
			buildActionMask = 2147483647;
			files = (
				FC4E3BEB1FD721FD00CA32F0 /* CaronaUITests.swift in Sources */,
				435F9D7A1FDAB9AA00100135 /* SnapshotHelper.swift in Sources */,
			);
			runOnlyForDeploymentPostprocessing = 0;
		};
/* End PBXSourcesBuildPhase section */

/* Begin PBXTargetDependency section */
		FC4E3BDD1FD721FD00CA32F0 /* PBXTargetDependency */ = {
			isa = PBXTargetDependency;
			target = FC4E3BC61FD721FD00CA32F0 /* Carona */;
			targetProxy = FC4E3BDC1FD721FD00CA32F0 /* PBXContainerItemProxy */;
		};
		FC4E3BE81FD721FD00CA32F0 /* PBXTargetDependency */ = {
			isa = PBXTargetDependency;
			target = FC4E3BC61FD721FD00CA32F0 /* Carona */;
			targetProxy = FC4E3BE71FD721FD00CA32F0 /* PBXContainerItemProxy */;
		};
/* End PBXTargetDependency section */

/* Begin PBXVariantGroup section */
		FC4E3BCE1FD721FD00CA32F0 /* Main.storyboard */ = {
			isa = PBXVariantGroup;
			children = (
				FC4E3BCF1FD721FD00CA32F0 /* Base */,
				FCCAF4161FDC0ACA004DFA4B /* pt-BR */,
			);
			name = Main.storyboard;
			sourceTree = "<group>";
		};
		FC4E3BD31FD721FD00CA32F0 /* LaunchScreen.storyboard */ = {
			isa = PBXVariantGroup;
			children = (
				FC4E3BD41FD721FD00CA32F0 /* Base */,
			);
			name = LaunchScreen.storyboard;
			sourceTree = "<group>";
		};
/* End PBXVariantGroup section */

/* Begin XCBuildConfiguration section */
		FC4E3BED1FD721FD00CA32F0 /* Debug */ = {
			isa = XCBuildConfiguration;
			buildSettings = {
				ALWAYS_SEARCH_USER_PATHS = NO;
				CLANG_ANALYZER_LOCALIZABILITY_NONLOCALIZED = YES;
				CLANG_ANALYZER_NONNULL = YES;
				CLANG_ANALYZER_NUMBER_OBJECT_CONVERSION = YES_AGGRESSIVE;
				CLANG_CXX_LANGUAGE_STANDARD = "gnu++14";
				CLANG_CXX_LIBRARY = "libc++";
				CLANG_ENABLE_MODULES = YES;
				CLANG_ENABLE_OBJC_ARC = YES;
				CLANG_WARN_BLOCK_CAPTURE_AUTORELEASING = YES;
				CLANG_WARN_BOOL_CONVERSION = YES;
				CLANG_WARN_COMMA = YES;
				CLANG_WARN_CONSTANT_CONVERSION = YES;
				CLANG_WARN_DIRECT_OBJC_ISA_USAGE = YES_ERROR;
				CLANG_WARN_DOCUMENTATION_COMMENTS = YES;
				CLANG_WARN_EMPTY_BODY = YES;
				CLANG_WARN_ENUM_CONVERSION = YES;
				CLANG_WARN_INFINITE_RECURSION = YES;
				CLANG_WARN_INT_CONVERSION = YES;
				CLANG_WARN_NON_LITERAL_NULL_CONVERSION = YES;
				CLANG_WARN_OBJC_LITERAL_CONVERSION = YES;
				CLANG_WARN_OBJC_ROOT_CLASS = YES_ERROR;
				CLANG_WARN_RANGE_LOOP_ANALYSIS = YES;
				CLANG_WARN_STRICT_PROTOTYPES = YES;
				CLANG_WARN_SUSPICIOUS_MOVE = YES;
				CLANG_WARN_UNGUARDED_AVAILABILITY = YES_AGGRESSIVE;
				CLANG_WARN_UNREACHABLE_CODE = YES;
				CLANG_WARN__DUPLICATE_METHOD_MATCH = YES;
				CODE_SIGN_IDENTITY = "iPhone Developer";
				COPY_PHASE_STRIP = NO;
				DEBUG_INFORMATION_FORMAT = dwarf;
				ENABLE_STRICT_OBJC_MSGSEND = YES;
				ENABLE_TESTABILITY = YES;
				GCC_C_LANGUAGE_STANDARD = gnu11;
				GCC_DYNAMIC_NO_PIC = NO;
				GCC_NO_COMMON_BLOCKS = YES;
				GCC_OPTIMIZATION_LEVEL = 0;
				GCC_PREPROCESSOR_DEFINITIONS = (
					"DEBUG=1",
					"$(inherited)",
				);
				GCC_WARN_64_TO_32_BIT_CONVERSION = YES;
				GCC_WARN_ABOUT_RETURN_TYPE = YES_ERROR;
				GCC_WARN_UNDECLARED_SELECTOR = YES;
				GCC_WARN_UNINITIALIZED_AUTOS = YES_AGGRESSIVE;
				GCC_WARN_UNUSED_FUNCTION = YES;
				GCC_WARN_UNUSED_VARIABLE = YES;
				IPHONEOS_DEPLOYMENT_TARGET = 11.0;
				MTL_ENABLE_DEBUG_INFO = YES;
				ONLY_ACTIVE_ARCH = YES;
				SDKROOT = iphoneos;
				SWIFT_ACTIVE_COMPILATION_CONDITIONS = DEBUG;
				SWIFT_OPTIMIZATION_LEVEL = "-Onone";
			};
			name = Debug;
		};
		FC4E3BEE1FD721FD00CA32F0 /* Release */ = {
			isa = XCBuildConfiguration;
			buildSettings = {
				ALWAYS_SEARCH_USER_PATHS = NO;
				CLANG_ANALYZER_LOCALIZABILITY_NONLOCALIZED = YES;
				CLANG_ANALYZER_NONNULL = YES;
				CLANG_ANALYZER_NUMBER_OBJECT_CONVERSION = YES_AGGRESSIVE;
				CLANG_CXX_LANGUAGE_STANDARD = "gnu++14";
				CLANG_CXX_LIBRARY = "libc++";
				CLANG_ENABLE_MODULES = YES;
				CLANG_ENABLE_OBJC_ARC = YES;
				CLANG_WARN_BLOCK_CAPTURE_AUTORELEASING = YES;
				CLANG_WARN_BOOL_CONVERSION = YES;
				CLANG_WARN_COMMA = YES;
				CLANG_WARN_CONSTANT_CONVERSION = YES;
				CLANG_WARN_DIRECT_OBJC_ISA_USAGE = YES_ERROR;
				CLANG_WARN_DOCUMENTATION_COMMENTS = YES;
				CLANG_WARN_EMPTY_BODY = YES;
				CLANG_WARN_ENUM_CONVERSION = YES;
				CLANG_WARN_INFINITE_RECURSION = YES;
				CLANG_WARN_INT_CONVERSION = YES;
				CLANG_WARN_NON_LITERAL_NULL_CONVERSION = YES;
				CLANG_WARN_OBJC_LITERAL_CONVERSION = YES;
				CLANG_WARN_OBJC_ROOT_CLASS = YES_ERROR;
				CLANG_WARN_RANGE_LOOP_ANALYSIS = YES;
				CLANG_WARN_STRICT_PROTOTYPES = YES;
				CLANG_WARN_SUSPICIOUS_MOVE = YES;
				CLANG_WARN_UNGUARDED_AVAILABILITY = YES_AGGRESSIVE;
				CLANG_WARN_UNREACHABLE_CODE = YES;
				CLANG_WARN__DUPLICATE_METHOD_MATCH = YES;
				CODE_SIGN_IDENTITY = "iPhone Developer";
				COPY_PHASE_STRIP = NO;
				DEBUG_INFORMATION_FORMAT = "dwarf-with-dsym";
				ENABLE_NS_ASSERTIONS = NO;
				ENABLE_STRICT_OBJC_MSGSEND = YES;
				GCC_C_LANGUAGE_STANDARD = gnu11;
				GCC_NO_COMMON_BLOCKS = YES;
				GCC_WARN_64_TO_32_BIT_CONVERSION = YES;
				GCC_WARN_ABOUT_RETURN_TYPE = YES_ERROR;
				GCC_WARN_UNDECLARED_SELECTOR = YES;
				GCC_WARN_UNINITIALIZED_AUTOS = YES_AGGRESSIVE;
				GCC_WARN_UNUSED_FUNCTION = YES;
				GCC_WARN_UNUSED_VARIABLE = YES;
				IPHONEOS_DEPLOYMENT_TARGET = 11.0;
				MTL_ENABLE_DEBUG_INFO = NO;
				SDKROOT = iphoneos;
				SWIFT_OPTIMIZATION_LEVEL = "-Owholemodule";
				VALIDATE_PRODUCT = YES;
			};
			name = Release;
		};
		FC4E3BF01FD721FD00CA32F0 /* Debug */ = {
			isa = XCBuildConfiguration;
			baseConfigurationReference = 6664C82C89582265C40A5140 /* Pods-Carona.debug.xcconfig */;
			buildSettings = {
				ASSETCATALOG_COMPILER_APPICON_NAME = AppIcon;
				"CODE_SIGN_IDENTITY[sdk=iphoneos*]" = "iPhone Developer";
				CODE_SIGN_STYLE = Manual;
				DEVELOPMENT_TEAM = 6BPH8672S8;
				INFOPLIST_FILE = Carona/Info.plist;
				IPHONEOS_DEPLOYMENT_TARGET = 10.0;
				LD_RUNPATH_SEARCH_PATHS = "$(inherited) @executable_path/Frameworks";
				PRODUCT_BUNDLE_IDENTIFIER = br.com.jjfernandes87.Carona;
				PRODUCT_NAME = "$(TARGET_NAME)";
				PROVISIONING_PROFILE = "0515be08-a374-4920-b0bb-832f5f5f88cb";
				PROVISIONING_PROFILE_SPECIFIER = "match Development br.com.jjfernandes87.Carona";
				SWIFT_VERSION = 4.0;
				TARGETED_DEVICE_FAMILY = "1,2";
			};
			name = Debug;
		};
		FC4E3BF11FD721FD00CA32F0 /* Release */ = {
			isa = XCBuildConfiguration;
			baseConfigurationReference = EF993EDA1C428BB71CB6CA77 /* Pods-Carona.release.xcconfig */;
			buildSettings = {
				ASSETCATALOG_COMPILER_APPICON_NAME = AppIcon;
				"CODE_SIGN_IDENTITY[sdk=iphoneos*]" = "iPhone Distribution";
				CODE_SIGN_STYLE = Manual;
				DEVELOPMENT_TEAM = 6BPH8672S8;
				INFOPLIST_FILE = Carona/Info.plist;
				IPHONEOS_DEPLOYMENT_TARGET = 10.0;
				LD_RUNPATH_SEARCH_PATHS = "$(inherited) @executable_path/Frameworks";
				PRODUCT_BUNDLE_IDENTIFIER = br.com.jjfernandes87.Carona;
				PRODUCT_NAME = "$(TARGET_NAME)";
				PROVISIONING_PROFILE = "f6f7a534-97be-4efb-9c8f-f8a6ac680e44";
				PROVISIONING_PROFILE_SPECIFIER = "match AppStore br.com.jjfernandes87.Carona";
				SWIFT_VERSION = 4.0;
				TARGETED_DEVICE_FAMILY = "1,2";
			};
			name = Release;
		};
		FC4E3BF31FD721FD00CA32F0 /* Debug */ = {
			isa = XCBuildConfiguration;
			baseConfigurationReference = AD598F00A9B622C43F8F38DA /* Pods-CaronaTests.debug.xcconfig */;
			buildSettings = {
				ALWAYS_EMBED_SWIFT_STANDARD_LIBRARIES = YES;
				BUNDLE_LOADER = "$(TEST_HOST)";
				CODE_SIGN_STYLE = Automatic;
				DEVELOPMENT_TEAM = 6BPH8672S8;
				INFOPLIST_FILE = CaronaTests/Info.plist;
				LD_RUNPATH_SEARCH_PATHS = "$(inherited) @executable_path/Frameworks @loader_path/Frameworks";
				PRODUCT_BUNDLE_IDENTIFIER = br.com.jjfernandes87.CaronaTests;
				PRODUCT_NAME = "$(TARGET_NAME)";
				SWIFT_VERSION = 4.0;
				TARGETED_DEVICE_FAMILY = "1,2";
				TEST_HOST = "$(BUILT_PRODUCTS_DIR)/Carona.app/Carona";
			};
			name = Debug;
		};
		FC4E3BF41FD721FD00CA32F0 /* Release */ = {
			isa = XCBuildConfiguration;
			baseConfigurationReference = 1A17D18D1EBCDCC5B0BB436E /* Pods-CaronaTests.release.xcconfig */;
			buildSettings = {
				ALWAYS_EMBED_SWIFT_STANDARD_LIBRARIES = YES;
				BUNDLE_LOADER = "$(TEST_HOST)";
				CODE_SIGN_STYLE = Automatic;
				DEVELOPMENT_TEAM = 6BPH8672S8;
				INFOPLIST_FILE = CaronaTests/Info.plist;
				LD_RUNPATH_SEARCH_PATHS = "$(inherited) @executable_path/Frameworks @loader_path/Frameworks";
				PRODUCT_BUNDLE_IDENTIFIER = br.com.jjfernandes87.CaronaTests;
				PRODUCT_NAME = "$(TARGET_NAME)";
				SWIFT_VERSION = 4.0;
				TARGETED_DEVICE_FAMILY = "1,2";
				TEST_HOST = "$(BUILT_PRODUCTS_DIR)/Carona.app/Carona";
			};
			name = Release;
		};
		FC4E3BF61FD721FD00CA32F0 /* Debug */ = {
			isa = XCBuildConfiguration;
			baseConfigurationReference = 9AC272475C6D9B44A7825071 /* Pods-CaronaUITests.debug.xcconfig */;
			buildSettings = {
				ALWAYS_EMBED_SWIFT_STANDARD_LIBRARIES = YES;
				CODE_SIGN_STYLE = Automatic;
				DEVELOPMENT_TEAM = 6BPH8672S8;
				INFOPLIST_FILE = CaronaUITests/Info.plist;
				LD_RUNPATH_SEARCH_PATHS = "$(inherited) @executable_path/Frameworks @loader_path/Frameworks";
				PRODUCT_BUNDLE_IDENTIFIER = br.com.jjfernandes87.CaronaUITests;
				PRODUCT_NAME = "$(TARGET_NAME)";
				SWIFT_VERSION = 4.0;
				TARGETED_DEVICE_FAMILY = "1,2";
				TEST_TARGET_NAME = Carona;
			};
			name = Debug;
		};
		FC4E3BF71FD721FD00CA32F0 /* Release */ = {
			isa = XCBuildConfiguration;
			baseConfigurationReference = 0727EB3B8C14BE16117E03FC /* Pods-CaronaUITests.release.xcconfig */;
			buildSettings = {
				ALWAYS_EMBED_SWIFT_STANDARD_LIBRARIES = YES;
				CODE_SIGN_STYLE = Automatic;
				DEVELOPMENT_TEAM = 6BPH8672S8;
				INFOPLIST_FILE = CaronaUITests/Info.plist;
				LD_RUNPATH_SEARCH_PATHS = "$(inherited) @executable_path/Frameworks @loader_path/Frameworks";
				PRODUCT_BUNDLE_IDENTIFIER = br.com.jjfernandes87.CaronaUITests;
				PRODUCT_NAME = "$(TARGET_NAME)";
				SWIFT_VERSION = 4.0;
				TARGETED_DEVICE_FAMILY = "1,2";
				TEST_TARGET_NAME = Carona;
			};
			name = Release;
		};
/* End XCBuildConfiguration section */

/* Begin XCConfigurationList section */
		FC4E3BC21FD721FD00CA32F0 /* Build configuration list for PBXProject "Carona" */ = {
			isa = XCConfigurationList;
			buildConfigurations = (
				FC4E3BED1FD721FD00CA32F0 /* Debug */,
				FC4E3BEE1FD721FD00CA32F0 /* Release */,
			);
			defaultConfigurationIsVisible = 0;
			defaultConfigurationName = Release;
		};
		FC4E3BEF1FD721FD00CA32F0 /* Build configuration list for PBXNativeTarget "Carona" */ = {
			isa = XCConfigurationList;
			buildConfigurations = (
				FC4E3BF01FD721FD00CA32F0 /* Debug */,
				FC4E3BF11FD721FD00CA32F0 /* Release */,
			);
			defaultConfigurationIsVisible = 0;
			defaultConfigurationName = Release;
		};
		FC4E3BF21FD721FD00CA32F0 /* Build configuration list for PBXNativeTarget "CaronaTests" */ = {
			isa = XCConfigurationList;
			buildConfigurations = (
				FC4E3BF31FD721FD00CA32F0 /* Debug */,
				FC4E3BF41FD721FD00CA32F0 /* Release */,
			);
			defaultConfigurationIsVisible = 0;
			defaultConfigurationName = Release;
		};
		FC4E3BF51FD721FD00CA32F0 /* Build configuration list for PBXNativeTarget "CaronaUITests" */ = {
			isa = XCConfigurationList;
			buildConfigurations = (
				FC4E3BF61FD721FD00CA32F0 /* Debug */,
				FC4E3BF71FD721FD00CA32F0 /* Release */,
			);
			defaultConfigurationIsVisible = 0;
			defaultConfigurationName = Release;
		};
/* End XCConfigurationList section */
	};
	rootObject = FC4E3BBF1FD721FD00CA32F0 /* Project object */;
}
